
Microsoft Visual Studio Solution File, Format Version 12.00
# Visual Studio Version 17
VisualStudioVersion = 17.3.32929.385
MinimumVisualStudioVersion = 10.0.40219.1
Project("{9A19103F-16F7-4668-BE54-9A1E7A4F7556}") = "monsterTradingCardGame", "monsterTradingCardGame\monsterTradingCardGame.csproj", "{5ABB5D7B-FF37-4098-AA21-D642F551162F}"
EndProject
Project("{FAE04EC0-301F-11D3-BF4B-00C04F79EFBC}") = "monsterTradingCardGame.Test", "monsterTradingCardGame.Test\monsterTradingCardGame.Test.csproj", "{458A4864-C9E4-487A-BA45-09DA972C68B0}"
EndProject
Global
	GlobalSection(SolutionConfigurationPlatforms) = preSolution
		Debug|Any CPU = Debug|Any CPU
		Release|Any CPU = Release|Any CPU
	EndGlobalSection
	GlobalSection(ProjectConfigurationPlatforms) = postSolution
		{5ABB5D7B-FF37-4098-AA21-D642F551162F}.Debug|Any CPU.ActiveCfg = Debug|Any CPU
		{5ABB5D7B-FF37-4098-AA21-D642F551162F}.Debug|Any CPU.Build.0 = Debug|Any CPU
		{5ABB5D7B-FF37-4098-AA21-D642F551162F}.Release|Any CPU.ActiveCfg = Release|Any CPU
		{5ABB5D7B-FF37-4098-AA21-D642F551162F}.Release|Any CPU.Build.0 = Release|Any CPU
		{458A4864-C9E4-487A-BA45-09DA972C68B0}.Debug|Any CPU.ActiveCfg = Debug|Any CPU
		{458A4864-C9E4-487A-BA45-09DA972C68B0}.Debug|Any CPU.Build.0 = Debug|Any CPU
		{458A4864-C9E4-487A-BA45-09DA972C68B0}.Release|Any CPU.ActiveCfg = Release|Any CPU
		{458A4864-C9E4-487A-BA45-09DA972C68B0}.Release|Any CPU.Build.0 = Release|Any CPU
	EndGlobalSection
	GlobalSection(SolutionProperties) = preSolution
		HideSolutionNode = FALSE
	EndGlobalSection
	GlobalSection(ExtensibilityGlobals) = postSolution
		SolutionGuid = {D3395EF1-6BFF-4B14-A5C7-CCF3C66BF668}
	EndGlobalSection
EndGlobal
